PODS:
  - KeychainAccess (4.2.2)
  - Socket.IO-Client-Swift (15.2.0):
    - Starscream (~> 3.1)
  - Starscream (3.1.1)

DEPENDENCIES:
  - KeychainAccess
  - Socket.IO-Client-Swift (~> 15.2.0)

SPEC REPOS:
  trunk:
    - KeychainAccess
    - Socket.IO-Client-Swift
    - Starscream

SPEC CHECKSUMS:
  KeychainAccess: c0c4f7f38f6fc7bbe58f5702e25f7bd2f65abf51
  Socket.IO-Client-Swift: 1e3e3a1f09f3312a167f0d781eb2f383d477357c
  Starscream: 4bb2f9942274833f7b4d296a55504dcfc7edb7b0

PODFILE CHECKSUM: c26093f81b59b1795f2e8e8fb8ee3f0cb6635019

COCOAPODS: 1.11.2
